{
  "name": "@re/catch-game",
  "version": "1.1.3",
  "lockfileVersion": 1,
  "requires": true,
  "dependencies": {
    "@pixi/accessibility": {
      "version": "5.0.3",
      "resolved": "http://192.168.11.250:4873/@pixi%2faccessibility/-/accessibility-5.0.3.tgz",
      "integrity": "sha512-p+rtV2/3Es8AwiU8871VzFbaUpbgzvVweEzi112NrtICLEfTSNdto+om1RzFeWPspq/yIBw0Po2cLw4JSnNtbQ==",
      "requires": {
        "@pixi/core": "5.0.3",
        "@pixi/display": "5.0.3",
        "@pixi/utils": "5.0.3"
      }
    },
    "@pixi/app": {
      "version": "5.0.3",
      "resolved": "http://192.168.11.250:4873/@pixi%2fapp/-/app-5.0.3.tgz",
      "integrity": "sha512-R47IVVT/yXYLhQXD9KWs9JnFzLoXeS90TJBWY6rMnTVrRTKQmmBu4n/NbbNI6Xyqcc2p2sMMqszbyXEiuOQxgA==",
      "requires": {
        "@pixi/core": "5.0.3",
        "@pixi/display": "5.0.3"
      }
    },
    "@pixi/constants": {
      "version": "5.0.3",
      "resolved": "http://192.168.11.250:4873/@pixi%2fconstants/-/constants-5.0.3.tgz",
      "integrity": "sha512-F+FZXpdeaBZ0dEGkhI9WXdKcAdx7VzcWlGZi2VeY/UxEk9xoici/PqNvanG6fDR4y9xI1x/AkUezCj6Ly/3+5w=="
    },
    "@pixi/core": {
      "version": "5.0.3",
      "resolved": "http://192.168.11.250:4873/@pixi%2fcore/-/core-5.0.3.tgz",
      "integrity": "sha512-WLqj980hQdZIl6k/CwgevDIyr07px7I18yHKE+N2mnvG38W41PV8pe6p+IkBd8CKKLXMgvPVh+fDZt7k+8Ur2A==",
      "requires": {
        "@pixi/constants": "5.0.3",
        "@pixi/display": "5.0.3",
        "@pixi/math": "5.0.3",
        "@pixi/runner": "5.0.3",
        "@pixi/settings": "5.0.3",
        "@pixi/ticker": "5.0.3",
        "@pixi/utils": "5.0.3"
      }
    },
    "@pixi/display": {
      "version": "5.0.3",
      "resolved": "http://192.168.11.250:4873/@pixi%2fdisplay/-/display-5.0.3.tgz",
      "integrity": "sha512-psXN9piIPTGHKwXXaiDYpqsttwWRiZSbB8d/rnhPUrD85atlh3d1pSKVU+wu+EXGr7xq1QUjKRZyzCcSb8iy3w==",
      "requires": {
        "@pixi/math": "5.0.3",
        "@pixi/settings": "5.0.3",
        "@pixi/utils": "5.0.3"
      }
    },
    "@pixi/extract": {
      "version": "5.0.3",
      "resolved": "http://192.168.11.250:4873/@pixi%2fextract/-/extract-5.0.3.tgz",
      "integrity": "sha512-hKWZL+R2XLFUkBwsmDlBl0In017q/5LKrVmA9hBPkAFu+q1DP3zHK5Di749aT78ENCv+1kM2CHE6s3D6fdz6CA==",
      "requires": {
        "@pixi/core": "5.0.3",
        "@pixi/math": "5.0.3",
        "@pixi/utils": "5.0.3"
      }
    },
    "@pixi/filter-alpha": {
      "version": "5.0.3",
      "resolved": "http://192.168.11.250:4873/@pixi%2ffilter-alpha/-/filter-alpha-5.0.3.tgz",
      "integrity": "sha512-LL421HVCaAGMzle0PkrqMWeGQnZ40nEwG0egodsmgd988/G3X2dUcm4slH1DtlOU4bJoMh2zFp8sGiVr0dMz4w==",
      "requires": {
        "@pixi/core": "5.0.3"
      }
    },
    "@pixi/filter-blur": {
      "version": "5.0.3",
      "resolved": "http://192.168.11.250:4873/@pixi%2ffilter-blur/-/filter-blur-5.0.3.tgz",
      "integrity": "sha512-tcrInSG+ah1RvoaE2mZ3bx/i589mNPkX6+y5TsyCIFoECA1np+vHtgRHWgCp5071tX54gg9omjWq4P1oyzFdgQ==",
      "requires": {
        "@pixi/core": "5.0.3",
        "@pixi/settings": "5.0.3"
      }
    },
    "@pixi/filter-color-matrix": {
      "version": "5.0.3",
      "resolved": "http://192.168.11.250:4873/@pixi%2ffilter-color-matrix/-/filter-color-matrix-5.0.3.tgz",
      "integrity": "sha512-8os6Iq7f/SKfqNyWyX5zVqIbOl8h7Zni4KhbWjL9IoFOi01W3vp1Y3VUCmSer1cBbWF9ziknjYiTbA/Ujb1g8g==",
      "requires": {
        "@pixi/core": "5.0.3"
      }
    },
    "@pixi/filter-displacement": {
      "version": "5.0.3",
      "resolved": "http://192.168.11.250:4873/@pixi%2ffilter-displacement/-/filter-displacement-5.0.3.tgz",
      "integrity": "sha512-NoXFRbV62UloRnBHbSgQVKaiKCkjB30cOpbWZ0sNxFWbRfRYuy48WgxXbSV6kF7y4ut1NSQLXLHDhfUKPMgt7w==",
      "requires": {
        "@pixi/core": "5.0.3",
        "@pixi/math": "5.0.3"
      }
    },
    "@pixi/filter-fxaa": {
      "version": "5.0.3",
      "resolved": "http://192.168.11.250:4873/@pixi%2ffilter-fxaa/-/filter-fxaa-5.0.3.tgz",
      "integrity": "sha512-WT+UD83NcH4dlIqmuiZPbfQu8GZf5nQLx/DvcPVF0J2GOd2a67t7KB7W98twppDRtPv3RpcffqnI3iNUqr6Rvg==",
      "requires": {
        "@pixi/core": "5.0.3"
      }
    },
    "@pixi/filter-noise": {
      "version": "5.0.3",
      "resolved": "http://192.168.11.250:4873/@pixi%2ffilter-noise/-/filter-noise-5.0.3.tgz",
      "integrity": "sha512-Qdjr7J92IphIckZSsAjdg/xTkF3cDmvGGJEXLj5mXi7+ejr0Y/gME8mQWFiQjyA6VPygZjiUmH2Gi5sRQ9vy1w==",
      "requires": {
        "@pixi/core": "5.0.3"
      }
    },
    "@pixi/graphics": {
      "version": "5.0.3",
      "resolved": "http://192.168.11.250:4873/@pixi%2fgraphics/-/graphics-5.0.3.tgz",
      "integrity": "sha512-roml8+dlMLOQlBfXp03jVjVkvkiK3O1m/u57qTFMFXq1wcI9xD3d4vUAUjSx3F76DTWFD8/C3RkP7oH6w5VXRw==",
      "requires": {
        "@pixi/constants": "5.0.3",
        "@pixi/core": "5.0.3",
        "@pixi/display": "5.0.3",
        "@pixi/math": "5.0.3",
        "@pixi/sprite": "5.0.3",
        "@pixi/utils": "5.0.3"
      }
    },
    "@pixi/interaction": {
      "version": "5.0.3",
      "resolved": "http://192.168.11.250:4873/@pixi%2finteraction/-/interaction-5.0.3.tgz",
      "integrity": "sha512-qgEOG5aCYFSLzueikxrpmMrvrS5dFbtqJuyye84HjAD1wAWQ9iwdJGWxqqPX/hzi7+ckIFcnCcJF8AccKfEpUQ==",
      "requires": {
        "@pixi/core": "5.0.3",
        "@pixi/display": "5.0.3",
        "@pixi/math": "5.0.3",
        "@pixi/ticker": "5.0.3",
        "@pixi/utils": "5.0.3"
      }
    },
    "@pixi/loaders": {
      "version": "5.0.3",
      "resolved": "http://192.168.11.250:4873/@pixi%2floaders/-/loaders-5.0.3.tgz",
      "integrity": "sha512-Tn/kNrFhkSaWNOwrbRS8gZeungMvyz9DdOiENcJUJXz9kvNND1BJB9A+E14fO/spqqDtX/qbqhaUKMOcTFvn+A==",
      "requires": {
        "@pixi/core": "5.0.3",
        "@pixi/utils": "5.0.3",
        "resource-loader": "2.2.4"
      }
    },
    "@pixi/math": {
      "version": "5.0.3",
      "resolved": "http://192.168.11.250:4873/@pixi%2fmath/-/math-5.0.3.tgz",
      "integrity": "sha512-Onxhukb644p2+HvWhs9ZIjdGP6IzYeQi5/HhTWgpfl1vFW5gAfwwaz5hBYbJYtU1XCOHr4oEvR2oAnKydXyn9w=="
    },
    "@pixi/mesh": {
      "version": "5.0.3",
      "resolved": "http://192.168.11.250:4873/@pixi%2fmesh/-/mesh-5.0.3.tgz",
      "integrity": "sha512-9N05Afe3UI0AzxdRHc0ESGymDC6WCqDm8gKHDMKzItcNHS+iYXnEK/xgvctNJyDz20ZfHrDeAk4cLyY5QN2B5g==",
      "requires": {
        "@pixi/constants": "5.0.3",
        "@pixi/core": "5.0.3",
        "@pixi/display": "5.0.3",
        "@pixi/math": "5.0.3",
        "@pixi/settings": "5.0.3",
        "@pixi/utils": "5.0.3"
      }
    },
    "@pixi/mesh-extras": {
      "version": "5.0.3",
      "resolved": "http://192.168.11.250:4873/@pixi%2fmesh-extras/-/mesh-extras-5.0.3.tgz",
      "integrity": "sha512-P7FJWhs5oLNJgAjuscqeB0bv8CD1ydsCaCeS02Nv2NO06Xp/nyD4N28d44RtK1zWnujgM26t4VMd9mTnbP0G7w==",
      "requires": {
        "@pixi/constants": "5.0.3",
        "@pixi/core": "5.0.3",
        "@pixi/math": "5.0.3",
        "@pixi/mesh": "5.0.3",
        "@pixi/utils": "5.0.3"
      }
    },
    "@pixi/mixin-cache-as-bitmap": {
      "version": "5.0.3",
      "resolved": "http://192.168.11.250:4873/@pixi%2fmixin-cache-as-bitmap/-/mixin-cache-as-bitmap-5.0.3.tgz",
      "integrity": "sha512-TCAtJGcNGwh65G+oAwnuEH/nklPwjaPUCkyCbGVNxEGV5BmSURb0GVTgJP+nFKcylxrTnQgFDBTdNqLvL5S4MA==",
      "requires": {
        "@pixi/core": "5.0.3",
        "@pixi/display": "5.0.3",
        "@pixi/math": "5.0.3",
        "@pixi/settings": "5.0.3",
        "@pixi/sprite": "5.0.3",
        "@pixi/utils": "5.0.3"
      }
    },
    "@pixi/mixin-get-child-by-name": {
      "version": "5.0.3",
      "resolved": "http://192.168.11.250:4873/@pixi%2fmixin-get-child-by-name/-/mixin-get-child-by-name-5.0.3.tgz",
      "integrity": "sha512-vogFVOnsAEuoii5k1ryzX4eV1gkMT7hkY8IhFUZzjALeQNXq9OOsUAiyEjSbbH6Ku/XVon8syBKMlc4o5/rqwQ==",
      "requires": {
        "@pixi/display": "5.0.3"
      }
    },
    "@pixi/mixin-get-global-position": {
      "version": "5.0.3",
      "resolved": "http://192.168.11.250:4873/@pixi%2fmixin-get-global-position/-/mixin-get-global-position-5.0.3.tgz",
      "integrity": "sha512-TsiU1BOkBS1G8jPdx0+ZE+HDkYyYCe42F9RT+UW7WBNbJs3ybUFAvkwicLSZrTj0CDzmRC++JswaDp0tsfLk1w==",
      "requires": {
        "@pixi/display": "5.0.3",
        "@pixi/math": "5.0.3"
      }
    },
    "@pixi/particles": {
      "version": "5.0.3",
      "resolved": "http://192.168.11.250:4873/@pixi%2fparticles/-/particles-5.0.3.tgz",
      "integrity": "sha512-AeHsVl73hGVbKYDvcNCmT3VhRthGF0Iqgm0SSwJLXt2Ty4aJENV3rs9pw/YvL0bWOxZPAJrFlMqAKb1eWbL3Mg==",
      "requires": {
        "@pixi/constants": "5.0.3",
        "@pixi/core": "5.0.3",
        "@pixi/display": "5.0.3",
        "@pixi/math": "5.0.3",
        "@pixi/utils": "5.0.3"
      }
    },
    "@pixi/polyfill": {
      "version": "5.0.3",
      "resolved": "http://192.168.11.250:4873/@pixi%2fpolyfill/-/polyfill-5.0.3.tgz",
      "integrity": "sha512-8aE0MqPqKGRboLeU83OxdSzWqUj0gi5e2Yh/97Cxch7R6PdK25lLTlWJz0sFQdOukOvqN3qEK+UcnNpf0bCUeA==",
      "requires": {
        "es6-promise-polyfill": "1.2.0",
        "object-assign": "4.1.1"
      }
    },
    "@pixi/prepare": {
      "version": "5.0.3",
      "resolved": "http://192.168.11.250:4873/@pixi%2fprepare/-/prepare-5.0.3.tgz",
      "integrity": "sha512-0qdDzERLcwKybFgB/j3znrMegpq3mGIdOGWg2H8ZlIgGTmfA2e/s3cHmYRjv9weB2oG4aL9BZyZGdB8WRps8yA==",
      "requires": {
        "@pixi/core": "5.0.3",
        "@pixi/display": "5.0.3",
        "@pixi/graphics": "5.0.3",
        "@pixi/settings": "5.0.3",
        "@pixi/text": "5.0.3",
        "@pixi/ticker": "5.0.3"
      }
    },
    "@pixi/runner": {
      "version": "5.0.3",
      "resolved": "http://192.168.11.250:4873/@pixi%2frunner/-/runner-5.0.3.tgz",
      "integrity": "sha512-0kYAeGNdvHIaNl2/nI4gzLztzvxiW+P2xvoKWs5z2akeFDJXqvlKPQFss8n2wneRB4jROR1Tc1wH2uP+ioZw+w=="
    },
    "@pixi/settings": {
      "version": "5.0.3",
      "resolved": "http://192.168.11.250:4873/@pixi%2fsettings/-/settings-5.0.3.tgz",
      "integrity": "sha512-QnxviKKXIhNFsCnnFpA699DeN3H4aF6rrlEfdzkiN4dgdif6ae39x0dGKYbXgnhlnaNIQifvL0EZdCCYCGDJWQ==",
      "requires": {
        "ismobilejs": "0.5.2"
      }
    },
    "@pixi/sprite": {
      "version": "5.0.3",
      "resolved": "http://192.168.11.250:4873/@pixi%2fsprite/-/sprite-5.0.3.tgz",
      "integrity": "sha512-mtJOZwryRJotTMRExeowS3O8tAOO9Ep7e2j8PXyKc4HfJeqBF6+NQjd0YxxRFsmwsLFi1QBWsovhnngEOrwY2w==",
      "requires": {
        "@pixi/constants": "5.0.3",
        "@pixi/core": "5.0.3",
        "@pixi/display": "5.0.3",
        "@pixi/math": "5.0.3",
        "@pixi/settings": "5.0.3",
        "@pixi/utils": "5.0.3"
      }
    },
    "@pixi/sprite-animated": {
      "version": "5.0.3",
      "resolved": "http://192.168.11.250:4873/@pixi%2fsprite-animated/-/sprite-animated-5.0.3.tgz",
      "integrity": "sha512-68GZv3u/Z98KoIq9qSLvWKT41fGZxruvsdyRFQ5JxRaPDRyxAiCax5bcFgQwPapj3+4omteSNp1aCpukm2KnTw==",
      "requires": {
        "@pixi/core": "5.0.3",
        "@pixi/sprite": "5.0.3",
        "@pixi/ticker": "5.0.3"
      }
    },
    "@pixi/sprite-tiling": {
      "version": "5.0.3",
      "resolved": "http://192.168.11.250:4873/@pixi%2fsprite-tiling/-/sprite-tiling-5.0.3.tgz",
      "integrity": "sha512-sm7JtMvt/fqu5Lliu+SB2JhZOoGGmiAgnHPbIN8CUDurE1TwYNotUu4JiXX88zKP57NO+QicJfcaJYBuFl68nw==",
      "requires": {
        "@pixi/constants": "5.0.3",
        "@pixi/core": "5.0.3",
        "@pixi/display": "5.0.3",
        "@pixi/math": "5.0.3",
        "@pixi/sprite": "5.0.3",
        "@pixi/utils": "5.0.3"
      }
    },
    "@pixi/spritesheet": {
      "version": "5.0.3",
      "resolved": "http://192.168.11.250:4873/@pixi%2fspritesheet/-/spritesheet-5.0.3.tgz",
      "integrity": "sha512-HlQnYFkCFPFDIvH911uf4JgtVYIIRQupdDrSI2O7hpGI2fUhh9/qX10GWfknLVjaCO4si8FPd7x32xYfQhapZQ==",
      "requires": {
        "@pixi/core": "5.0.3",
        "@pixi/loaders": "5.0.3",
        "@pixi/math": "5.0.3",
        "@pixi/utils": "5.0.3"
      }
    },
    "@pixi/text": {
      "version": "5.0.3",
      "resolved": "http://192.168.11.250:4873/@pixi%2ftext/-/text-5.0.3.tgz",
      "integrity": "sha512-1YnfN//vEUXe6dqepzx9WZ69yGxm4Salm1yWX3X/qQHgKlTLEXdOU6QILeQ/O8eef2LparWrR4OhYCJoOQSQXg==",
      "requires": {
        "@pixi/core": "5.0.3",
        "@pixi/math": "5.0.3",
        "@pixi/settings": "5.0.3",
        "@pixi/sprite": "5.0.3",
        "@pixi/utils": "5.0.3"
      }
    },
    "@pixi/text-bitmap": {
      "version": "5.0.3",
      "resolved": "http://192.168.11.250:4873/@pixi%2ftext-bitmap/-/text-bitmap-5.0.3.tgz",
      "integrity": "sha512-Q5J7udhAc/PokndIJCqz33tRfubLKoVZcxRa40bNyOjXM3JHkBQwgisH87kVe+nyXFoA/NTuC4pvllgJ3eEHBA==",
      "requires": {
        "@pixi/core": "5.0.3",
        "@pixi/display": "5.0.3",
        "@pixi/loaders": "5.0.3",
        "@pixi/math": "5.0.3",
        "@pixi/settings": "5.0.3",
        "@pixi/sprite": "5.0.3",
        "@pixi/utils": "5.0.3"
      }
    },
    "@pixi/ticker": {
      "version": "5.0.3",
      "resolved": "http://192.168.11.250:4873/@pixi%2fticker/-/ticker-5.0.3.tgz",
      "integrity": "sha512-MncQao8Sy2c5U/j+pDXVkm8Rig5AfGFKxR7tR6Pe1dTvzcfJrCMTSfzM5V2r6OtKhRyfJiEYbadZmHOM1VkKLw==",
      "requires": {
        "@pixi/settings": "5.0.3"
      }
    },
    "@pixi/utils": {
      "version": "5.0.3",
      "resolved": "http://192.168.11.250:4873/@pixi%2futils/-/utils-5.0.3.tgz",
      "integrity": "sha512-A5qbBhze/v5IiBotMjw9fY8Pj0Akvq46UN6JcqKBEZ4l0bYNOcIcYMm4fRDijX7TK/2fwCIi0aYOgZHsa7ZK4A==",
      "requires": {
        "@pixi/constants": "5.0.3",
        "@pixi/settings": "5.0.3",
        "earcut": "2.1.5",
        "eventemitter3": "3.1.2",
        "url": "0.11.0"
      }
    },
    "@re/utilities": {
      "version": "1.1.3",
      "resolved": "http://192.168.11.250:4873/@re%2futilities/-/utilities-1.1.3.tgz",
      "integrity": "sha512-MD/yh/C8a301dv39EzqZ+SH4BDMzyE1fMZDvWTOD43EQtOz4PoOCfMkUXdulPx6cYUILQa0w3c9fjdHcQA0wNg==",
      "requires": {
        "@types/luxon": "1.13.0",
        "@types/shortid": "0.0.29",
        "@types/uuid": "3.4.4",
        "@types/uuid-validate": "0.0.1",
        "luxon": "1.15.0",
        "shortid": "2.2.14",
        "typescript": "3.4.5",
        "uuid": "3.3.2",
        "uuid-validate": "0.0.3"
      },
      "dependencies": {
        "uuid": {
          "version": "3.3.2",
          "resolved": "http://192.168.11.250:4873/uuid/-/uuid-3.3.2.tgz",
          "integrity": "sha512-yXJmeNaw3DnnKAOKJE51sL/ZaYfWJRl1pK9dr19YFCu0ObS231AB1/LbqTKRAQ5kw8A90rA6fr4riOUpTZvQZA=="
        }
      }
    },
    "@types/dat.gui": {
      "version": "0.7.2",
      "resolved": "http://192.168.11.250:4873/@types%2fdat.gui/-/dat.gui-0.7.2.tgz",
      "integrity": "sha512-ULAH7opLNk6jRq1/3pqYCeyVRS2hvbenzGNkWLS/ITjf+kaAZR09KBKvTG7y22sW/XQbalBSNTlTHU+cSMJJqg==",
      "dev": true
    },
    "@types/jquery": {
      "version": "3.3.29",
      "resolved": "http://192.168.11.250:4873/@types%2fjquery/-/jquery-3.3.29.tgz",
      "integrity": "sha512-FhJvBninYD36v3k6c+bVk1DSZwh7B5Dpb/Pyk3HKVsiohn0nhbefZZ+3JXbWQhFyt0MxSl2jRDdGQPHeOHFXrQ==",
      "dev": true,
      "requires": {
        "@types/sizzle": "2.3.2"
      }
    },
    "@types/luxon": {
      "version": "1.13.0",
      "resolved": "http://192.168.11.250:4873/@types%2fluxon/-/luxon-1.13.0.tgz",
      "integrity": "sha512-XmDiRVoJWgVdqX9x1a/GU4p9bSgZY7q8SOyMLs3fx1AdQcxLYAPIt/jfZm2e+PBVRWuEx1FqYNJ37kBZ53TMqA=="
    },
    "@types/node": {
      "version": "12.0.2",
      "resolved": "http://192.168.11.250:4873/@types%2fnode/-/node-12.0.2.tgz",
      "integrity": "sha512-5tabW/i+9mhrfEOUcLDu2xBPsHJ+X5Orqy9FKpale3SjDA17j5AEpYq5vfy3oAeAHGcvANRCO3NV3d2D6q3NiA=="
    },
    "@types/pixi.js": {
      "version": "4.8.7",
      "resolved": "http://192.168.11.250:4873/@types%2fpixi.js/-/pixi.js-4.8.7.tgz",
      "integrity": "sha512-SuaeAVDWNbvVzg+ipVrNzVxMDZHaa/MRNT/+Y270sYp/qxfB31KC1wEt7KDVNq9Ac/pRdSDrxVDcLDUaYn0aVg==",
      "dev": true
    },
    "@types/qrcode": {
      "version": "1.3.3",
      "resolved": "http://192.168.11.250:4873/@types%2fqrcode/-/qrcode-1.3.3.tgz",
      "integrity": "sha512-+5vox9KhEPGP+d2ah8V+gnHAaTDvFHssLz8KJS7OgJuessGGybChJYfmo+fwNFzOVUtfcWkTCJqkFDRz15hCYw==",
      "dev": true,
      "requires": {
        "@types/node": "12.0.2"
      }
    },
    "@types/shortid": {
      "version": "0.0.29",
      "resolved": "http://192.168.11.250:4873/@types%2fshortid/-/shortid-0.0.29.tgz",
      "integrity": "sha1-gJPuBBam4r8qpjOBCRFLP7/6Dps="
    },
    "@types/sizzle": {
      "version": "2.3.2",
      "resolved": "http://192.168.11.250:4873/@types%2fsizzle/-/sizzle-2.3.2.tgz",
      "integrity": "sha512-7EJYyKTL7tFR8+gDbB6Wwz/arpGa0Mywk1TJbNzKzHtzbwVmY4HR9WqS5VV7dsBUKQmPNr192jHr/VpBluj/hg==",
      "dev": true
    },
    "@types/uuid": {
      "version": "3.4.4",
      "resolved": "http://192.168.11.250:4873/@types%2fuuid/-/uuid-3.4.4.tgz",
      "integrity": "sha512-tPIgT0GUmdJQNSHxp0X2jnpQfBSTfGxUMc/2CXBU2mnyTFVYVa2ojpoQ74w0U2yn2vw3jnC640+77lkFFpdVDw==",
      "requires": {
        "@types/node": "12.0.2"
      }
    },
    "@types/uuid-validate": {
      "version": "0.0.1",
      "resolved": "http://192.168.11.250:4873/@types%2fuuid-validate/-/uuid-validate-0.0.1.tgz",
      "integrity": "sha512-RbX9q0U00SLoV+l7loYX0Wrtv4QTClBC0QcdNts6x2b5G1HJN8NI9YlS1HNA6THrI9EH3OXSgya6eMQIlDjKFA=="
    },
    "current-device": {
      "version": "0.7.9",
      "resolved": "http://192.168.11.250:4873/current-device/-/current-device-0.7.9.tgz",
      "integrity": "sha512-WL79lxs457RtUdPkWsJ4/smTs4v9Ato3YpbuumxReL2hW/33xwY2BtuslHCtLNQmtt3N5SBrE/+S657/TV6rzw=="
    },
    "dat.gui": {
      "version": "0.7.6",
      "resolved": "http://192.168.11.250:4873/dat.gui/-/dat.gui-0.7.6.tgz",
      "integrity": "sha512-9Uqr4aQUvp9q5P2b4y6gK604HXafubOq578OmOS8mjrIkYrBP4EbQ9gz9YRXgyPh7aQi+b9H/jAG7EucmhYpSA==",
      "dev": true
    },
    "earcut": {
      "version": "2.1.5",
      "resolved": "http://192.168.11.250:4873/earcut/-/earcut-2.1.5.tgz",
      "integrity": "sha512-QFWC7ywTVLtvRAJTVp8ugsuuGQ5mVqNmJ1cRYeLrSHgP3nycr2RHTJob9OtM0v8ujuoKN0NY1a93J/omeTL1PA=="
    },
    "es6-promise-polyfill": {
      "version": "1.2.0",
      "resolved": "http://192.168.11.250:4873/es6-promise-polyfill/-/es6-promise-polyfill-1.2.0.tgz",
      "integrity": "sha1-84kl8jyz4+jObNqP93T867sJDN4="
    },
    "eventemitter3": {
      "version": "3.1.2",
      "resolved": "http://192.168.11.250:4873/eventemitter3/-/eventemitter3-3.1.2.tgz",
      "integrity": "sha512-tvtQIeLVHjDkJYnzf2dgVMxfuSGJeM/7UCG17TT4EumTfNtF+0nebF/4zWOIkCreAbtNqhGEboB6BWrwqNaw4Q=="
    },
    "ismobilejs": {
      "version": "0.5.2",
      "resolved": "http://192.168.11.250:4873/ismobilejs/-/ismobilejs-0.5.2.tgz",
      "integrity": "sha512-ta9UdV60xVZk/ZafFtSFslQaE76SvNkcs1r73d2PVR21zVzx9xuYv9tNe4MxA1NN7WoeCc2RjGot3Bz1eHDx3Q=="
    },
    "luxon": {
      "version": "1.15.0",
      "resolved": "http://192.168.11.250:4873/luxon/-/luxon-1.15.0.tgz",
      "integrity": "sha512-HIpK4zIonObWHj9UC80ElykmM/0jTuuXcbPYBYbDGZ3Cq2bL9rACcmppoc6zm5JnmHpnK5bRMIp8/+ei4O0y2Q=="
    },
    "mini-signals": {
      "version": "1.2.0",
      "resolved": "http://192.168.11.250:4873/mini-signals/-/mini-signals-1.2.0.tgz",
      "integrity": "sha1-RbCAE8X65RokqhqTXNMXye1yHXQ="
    },
    "moment": {
      "version": "2.24.0",
      "resolved": "http://192.168.11.250:4873/moment/-/moment-2.24.0.tgz",
      "integrity": "sha512-bV7f+6l2QigeBBZSM/6yTNq4P2fNpSWj/0e7jQcy87A8e7o2nAfP/34/2ky5Vw4B9S446EtIhodAzkFCcR4dQg=="
    },
    "nanoid": {
      "version": "2.0.3",
      "resolved": "http://192.168.11.250:4873/nanoid/-/nanoid-2.0.3.tgz",
      "integrity": "sha512-NbaoqdhIYmY6FXDRB4eYtDVC9Z9eCbn8TyaiC16LNKtpPv/aqa0tOPD8y6gNE4yUNnaZ7LLhYtXOev/6+cBtfw=="
    },
    "object-assign": {
      "version": "4.1.1",
      "resolved": "http://192.168.11.250:4873/object-assign/-/object-assign-4.1.1.tgz",
      "integrity": "sha1-IQmtx5ZYh8/AXLvUQsrIv7s2CGM="
    },
    "parse-uri": {
      "version": "1.0.0",
      "resolved": "http://192.168.11.250:4873/parse-uri/-/parse-uri-1.0.0.tgz",
      "integrity": "sha1-KHLcwi8aeXrN4Vg9igrClVLdrCA="
    },
    "pixi-sound": {
      "version": "3.0.2",
      "resolved": "http://192.168.11.250:4873/pixi-sound/-/pixi-sound-3.0.2.tgz",
      "integrity": "sha512-rT7ss4OziO9c9FRiwFdbxcNLmaO0xmUrDkxNsTliulxBUBPvOaB5zcFPIGT0m7A7irJANfkWq21YKWfEBMLYag==",
      "requires": {
        "@pixi/core": "5.0.3",
        "@pixi/loaders": "5.0.3",
        "@pixi/ticker": "5.0.3",
        "@pixi/utils": "5.0.3"
      }
    },
    "pixi.js": {
      "version": "5.0.3",
      "resolved": "http://192.168.11.250:4873/pixi.js/-/pixi.js-5.0.3.tgz",
      "integrity": "sha512-Gg3nB2MVF0kqh32DURBrwpNX0RqZfObS9RRmG0Aogj14pR7faV0eAk4zWdfv8boEf2LJfR7C1SiY+SanLiNVPw==",
      "requires": {
        "@pixi/accessibility": "5.0.3",
        "@pixi/app": "5.0.3",
        "@pixi/constants": "5.0.3",
        "@pixi/core": "5.0.3",
        "@pixi/display": "5.0.3",
        "@pixi/extract": "5.0.3",
        "@pixi/filter-alpha": "5.0.3",
        "@pixi/filter-blur": "5.0.3",
        "@pixi/filter-color-matrix": "5.0.3",
        "@pixi/filter-displacement": "5.0.3",
        "@pixi/filter-fxaa": "5.0.3",
        "@pixi/filter-noise": "5.0.3",
        "@pixi/graphics": "5.0.3",
        "@pixi/interaction": "5.0.3",
        "@pixi/loaders": "5.0.3",
        "@pixi/math": "5.0.3",
        "@pixi/mesh": "5.0.3",
        "@pixi/mesh-extras": "5.0.3",
        "@pixi/mixin-cache-as-bitmap": "5.0.3",
        "@pixi/mixin-get-child-by-name": "5.0.3",
        "@pixi/mixin-get-global-position": "5.0.3",
        "@pixi/particles": "5.0.3",
        "@pixi/polyfill": "5.0.3",
        "@pixi/prepare": "5.0.3",
        "@pixi/runner": "5.0.3",
        "@pixi/settings": "5.0.3",
        "@pixi/sprite": "5.0.3",
        "@pixi/sprite-animated": "5.0.3",
        "@pixi/sprite-tiling": "5.0.3",
        "@pixi/spritesheet": "5.0.3",
        "@pixi/text": "5.0.3",
        "@pixi/text-bitmap": "5.0.3",
        "@pixi/ticker": "5.0.3",
        "@pixi/utils": "5.0.3"
      }
    },
    "punycode": {
      "version": "1.3.2",
      "resolved": "http://192.168.11.250:4873/punycode/-/punycode-1.3.2.tgz",
      "integrity": "sha1-llOgNvt8HuQjQvIyXM7v6jkmxI0="
    },
    "querystring": {
      "version": "0.2.0",
      "resolved": "http://192.168.11.250:4873/querystring/-/querystring-0.2.0.tgz",
      "integrity": "sha1-sgmEkgO7Jd+CDadW50cAWHhSFiA="
    },
    "resource-loader": {
      "version": "2.2.4",
      "resolved": "http://192.168.11.250:4873/resource-loader/-/resource-loader-2.2.4.tgz",
      "integrity": "sha512-MrY0bEJN26us3h4bzJUSP0n4tFEb79lCpYBavtLjSezWCcXZMgxhSgvC9LxueuqpcxG+qPjhwFu5SQAcUNacdA==",
      "requires": {
        "mini-signals": "1.2.0",
        "parse-uri": "1.0.0"
      }
    },
    "shortid": {
      "version": "2.2.14",
      "resolved": "http://192.168.11.250:4873/shortid/-/shortid-2.2.14.tgz",
      "integrity": "sha512-4UnZgr9gDdA1kaKj/38IiudfC3KHKhDc1zi/HSxd9FQDR0VLwH3/y79tZJLsVYPsJgIjeHjqIWaWVRJUj9qZOQ==",
      "requires": {
        "nanoid": "2.0.3"
      }
    },
    "typescript": {
      "version": "3.4.5",
      "resolved": "http://192.168.11.250:4873/typescript/-/typescript-3.4.5.tgz",
      "integrity": "sha512-YycBxUb49UUhdNMU5aJ7z5Ej2XGmaIBL0x34vZ82fn3hGvD+bgrMrVDpatgz2f7YxUMJxMkbWxJZeAvDxVe7Vw=="
    },
    "url": {
      "version": "0.11.0",
      "resolved": "http://192.168.11.250:4873/url/-/url-0.11.0.tgz",
      "integrity": "sha1-ODjpfPxgUh63PFJajlW/3Z4uKPE=",
      "requires": {
        "punycode": "1.3.2",
        "querystring": "0.2.0"
      }
    },
    "uuid-validate": {
      "version": "0.0.3",
      "resolved": "http://192.168.11.250:4873/uuid-validate/-/uuid-validate-0.0.3.tgz",
      "integrity": "sha512-Fykw5U4eZESbq739BeLvEBFRuJODfrlmjx5eJux7W817LjRaq4b7/i4t2zxQmhcX+fAj4nMfRdTzO4tmwLKn0w=="
    }
  }
}
